// !$*UTF8*$!
{
	archiveVersion = 1;
	classes = {
	};
	objectVersion = 55;
	objects = {

/* Begin PBXBuildFile section */
		CCF36752276B8E7200830B65 /* CarsharingPlatformApp.swift in Sources */ = {isa = PBXBuildFile; fileRef = CCF36751276B8E7200830B65 /* CarsharingPlatformApp.swift */; };
		CCF36754276B8E7200830B65 /* ContentView.swift in Sources */ = {isa = PBXBuildFile; fileRef = CCF36753276B8E7200830B65 /* ContentView.swift */; };
		CCF36756276B8E7300830B65 /* Assets.xcassets in Resources */ = {isa = PBXBuildFile; fileRef = CCF36755276B8E7300830B65 /* Assets.xcassets */; };
		CCF36759276B8E7300830B65 /* Preview Assets.xcassets in Resources */ = {isa = PBXBuildFile; fileRef = CCF36758276B8E7300830B65 /* Preview Assets.xcassets */; };
		CCF36763276B8E7300830B65 /* CarsharingPlatformTests.swift in Sources */ = {isa = PBXBuildFile; fileRef = CCF36762276B8E7300830B65 /* CarsharingPlatformTests.swift */; };
		CCF3676D276B8E7300830B65 /* CarsharingPlatformUITests.swift in Sources */ = {isa = PBXBuildFile; fileRef = CCF3676C276B8E7300830B65 /* CarsharingPlatformUITests.swift */; };
		CCF3676F276B8E7300830B65 /* CarsharingPlatformUITestsLaunchTests.swift in Sources */ = {isa = PBXBuildFile; fileRef = CCF3676E276B8E7300830B65 /* CarsharingPlatformUITestsLaunchTests.swift */; };
/* End PBXBuildFile section */

/* Begin PBXContainerItemProxy section */
		CCF3675F276B8E7300830B65 /* PBXContainerItemProxy */ = {
			isa = PBXContainerItemProxy;
			containerPortal = CCF36746276B8E7200830B65 /* Project object */;
			proxyType = 1;
			remoteGlobalIDString = CCF3674D276B8E7200830B65;
			remoteInfo = CarsharingPlatform;
		};
		CCF36769276B8E7300830B65 /* PBXContainerItemProxy */ = {
			isa = PBXContainerItemProxy;
			containerPortal = CCF36746276B8E7200830B65 /* Project object */;
			proxyType = 1;
			remoteGlobalIDString = CCF3674D276B8E7200830B65;
			remoteInfo = CarsharingPlatform;
		};
/* End PBXContainerItemProxy section */

/* Begin PBXFileReference section */
		CCF3674E276B8E7200830B65 /* CarsharingPlatform.app */ = {isa = PBXFileReference; explicitFileType = wrapper.application; includeInIndex = 0; path = CarsharingPlatform.app; sourceTree = BUILT_PRODUCTS_DIR; };
		CCF36751276B8E7200830B65 /* CarsharingPlatformApp.swift */ = {isa = PBXFileReference; lastKnownFileType = sourcecode.swift; path = CarsharingPlatformApp.swift; sourceTree = "<group>"; };
		CCF36753276B8E7200830B65 /* ContentView.swift */ = {isa = PBXFileReference; lastKnownFileType = sourcecode.swift; path = ContentView.swift; sourceTree = "<group>"; };
		CCF36755276B8E7300830B65 /* Assets.xcassets */ = {isa = PBXFileReference; lastKnownFileType = folder.assetcatalog; path = Assets.xcassets; sourceTree = "<group>"; };
		CCF36758276B8E7300830B65 /* Preview Assets.xcassets */ = {isa = PBXFileReference; lastKnownFileType = folder.assetcatalog; path = "Preview Assets.xcassets"; sourceTree = "<group>"; };
		CCF3675E276B8E7300830B65 /* CarsharingPlatformTests.xctest */ = {isa = PBXFileReference; explicitFileType = wrapper.cfbundle; includeInIndex = 0; path = CarsharingPlatformTests.xctest; sourceTree = BUILT_PRODUCTS_DIR; };
		CCF36762276B8E7300830B65 /* CarsharingPlatformTests.swift */ = {isa = PBXFileReference; lastKnownFileType = sourcecode.swift; path = CarsharingPlatformTests.swift; sourceTree = "<group>"; };
		CCF36768276B8E7300830B65 /* CarsharingPlatformUITests.xctest */ = {isa = PBXFileReference; explicitFileType = wrapper.cfbundle; includeInIndex = 0; path = CarsharingPlatformUITests.xctest; sourceTree = BUILT_PRODUCTS_DIR; };
		CCF3676C276B8E7300830B65 /* CarsharingPlatformUITests.swift */ = {isa = PBXFileReference; lastKnownFileType = sourcecode.swift; path = CarsharingPlatformUITests.swift; sourceTree = "<group>"; };
		CCF3676E276B8E7300830B65 /* CarsharingPlatformUITestsLaunchTests.swift */ = {isa = PBXFileReference; lastKnownFileType = sourcecode.swift; path = CarsharingPlatformUITestsLaunchTests.swift; sourceTree = "<group>"; };
/* End PBXFileReference section */

/* Begin PBXFrameworksBuildPhase section */
		CCF3674B276B8E7200830B65 /* Frameworks */ = {
			isa = PBXFrameworksBuildPhase;
			buildActionMask = 2147483647;
			files = (
			);
			runOnlyForDeploymentPostprocessing = 0;
		};
		CCF3675B276B8E7300830B65 /* Frameworks */ = {
			isa = PBXFrameworksBuildPhase;
			buildActionMask = 2147483647;
			files = (
			);
			runOnlyForDeploymentPostprocessing = 0;
		};
		CCF36765276B8E7300830B65 /* Frameworks */ = {
			isa = PBXFrameworksBuildPhase;
			buildActionMask = 2147483647;
			files = (
			);
			runOnlyForDeploymentPostprocessing = 0;
		};
/* End PBXFrameworksBuildPhase section */

/* Begin PBXGroup section */
		CCF36745276B8E7200830B65 = {
			isa = PBXGroup;
			children = (
				CCF36750276B8E7200830B65 /* CarsharingPlatform */,
				CCF36761276B8E7300830B65 /* CarsharingPlatformTests */,
				CCF3676B276B8E7300830B65 /* CarsharingPlatformUITests */,
				CCF3674F276B8E7200830B65 /* Products */,
			);
			sourceTree = "<group>";
		};
		CCF3674F276B8E7200830B65 /* Products */ = {
			isa = PBXGroup;
			children = (
				CCF3674E276B8E7200830B65 /* CarsharingPlatform.app */,
				CCF3675E276B8E7300830B65 /* CarsharingPlatformTests.xctest */,
				CCF36768276B8E7300830B65 /* CarsharingPlatformUITests.xctest */,
			);
			name = Products;
			sourceTree = "<group>";
		};
		CCF36750276B8E7200830B65 /* CarsharingPlatform */ = {
			isa = PBXGroup;
			children = (
				CCF36751276B8E7200830B65 /* CarsharingPlatformApp.swift */,
				CCF36753276B8E7200830B65 /* ContentView.swift */,
				CCF36755276B8E7300830B65 /* Assets.xcassets */,
				CCF36757276B8E7300830B65 /* Preview Content */,
			);
			path = CarsharingPlatform;
			sourceTree = "<group>";
		};
		CCF36757276B8E7300830B65 /* Preview Content */ = {
			isa = PBXGroup;
			children = (
				CCF36758276B8E7300830B65 /* Preview Assets.xcassets */,
			);
			path = "Preview Content";
			sourceTree = "<group>";
		};
		CCF36761276B8E7300830B65 /* CarsharingPlatformTests */ = {
			isa = PBXGroup;
			children = (
				CCF36762276B8E7300830B65 /* CarsharingPlatformTests.swift */,
			);
			path = CarsharingPlatformTests;
			sourceTree = "<group>";
		};
		CCF3676B276B8E7300830B65 /* CarsharingPlatformUITests */ = {
			isa = PBXGroup;
			children = (
				CCF3676C276B8E7300830B65 /* CarsharingPlatformUITests.swift */,
				CCF3676E276B8E7300830B65 /* CarsharingPlatformUITestsLaunchTests.swift */,
			);
			path = CarsharingPlatformUITests;
			sourceTree = "<group>";
		};
/* End PBXGroup section */

/* Begin PBXNativeTarget section */
		CCF3674D276B8E7200830B65 /* CarsharingPlatform */ = {
			isa = PBXNativeTarget;
			buildConfigurationList = CCF36772276B8E7300830B65 /* Build configuration list for PBXNativeTarget "CarsharingPlatform" */;
			buildPhases = (
				CCF3674A276B8E7200830B65 /* Sources */,
				CCF3674B276B8E7200830B65 /* Frameworks */,
				CCF3674C276B8E7200830B65 /* Resources */,
			);
			buildRules = (
			);
			dependencies = (
			);
			name = CarsharingPlatform;
			productName = CarsharingPlatform;
			productReference = CCF3674E276B8E7200830B65 /* CarsharingPlatform.app */;
			productType = "com.apple.product-type.application";
		};
		CCF3675D276B8E7300830B65 /* CarsharingPlatformTests */ = {
			isa = PBXNativeTarget;
			buildConfigurationList = CCF36775276B8E7300830B65 /* Build configuration list for PBXNativeTarget "CarsharingPlatformTests" */;
			buildPhases = (
				CCF3675A276B8E7300830B65 /* Sources */,
				CCF3675B276B8E7300830B65 /* Frameworks */,
				CCF3675C276B8E7300830B65 /* Resources */,
			);
			buildRules = (
			);
			dependencies = (
				CCF36760276B8E7300830B65 /* PBXTargetDependency */,
			);
			name = CarsharingPlatformTests;
			productName = CarsharingPlatformTests;
			productReference = CCF3675E276B8E7300830B65 /* CarsharingPlatformTests.xctest */;
			productType = "com.apple.product-type.bundle.unit-test";
		};
		CCF36767276B8E7300830B65 /* CarsharingPlatformUITests */ = {
			isa = PBXNativeTarget;
			buildConfigurationList = CCF36778276B8E7300830B65 /* Build configuration list for PBXNativeTarget "CarsharingPlatformUITests" */;
			buildPhases = (
				CCF36764276B8E7300830B65 /* Sources */,
				CCF36765276B8E7300830B65 /* Frameworks */,
				CCF36766276B8E7300830B65 /* Resources */,
			);
			buildRules = (
			);
			dependencies = (
				CCF3676A276B8E7300830B65 /* PBXTargetDependency */,
			);
			name = CarsharingPlatformUITests;
			productName = CarsharingPlatformUITests;
			productReference = CCF36768276B8E7300830B65 /* CarsharingPlatformUITests.xctest */;
			productType = "com.apple.product-type.bundle.ui-testing";
		};
/* End PBXNativeTarget section */

/* Begin PBXProject section */
		CCF36746276B8E7200830B65 /* Project object */ = {
			isa = PBXProject;
			attributes = {
				BuildIndependentTargetsInParallel = 1;
				LastSwiftUpdateCheck = 1310;
				LastUpgradeCheck = 1310;
				TargetAttributes = {
					CCF3674D276B8E7200830B65 = {
						CreatedOnToolsVersion = 13.1;
					};
					CCF3675D276B8E7300830B65 = {
						CreatedOnToolsVersion = 13.1;
						TestTargetID = CCF3674D276B8E7200830B65;
					};
					CCF36767276B8E7300830B65 = {
						CreatedOnToolsVersion = 13.1;
						TestTargetID = CCF3674D276B8E7200830B65;
					};
				};
			};
			buildConfigurationList = CCF36749276B8E7200830B65 /* Build configuration list for PBXProject "CarsharingPlatform" */;
			compatibilityVersion = "Xcode 13.0";
			developmentRegion = en;
			hasScannedForEncodings = 0;
			knownRegions = (
				en,
				Base,
			);
			mainGroup = CCF36745276B8E7200830B65;
			productRefGroup = CCF3674F276B8E7200830B65 /* Products */;
			projectDirPath = "";
			projectRoot = "";
			targets = (
				CCF3674D276B8E7200830B65 /* CarsharingPlatform */,
				CCF3675D276B8E7300830B65 /* CarsharingPlatformTests */,
				CCF36767276B8E7300830B65 /* CarsharingPlatformUITests */,
			);
		};
/* End PBXProject section */

/* Begin PBXResourcesBuildPhase section */
		CCF3674C276B8E7200830B65 /* Resources */ = {
			isa = PBXResourcesBuildPhase;
			buildActionMask = 2147483647;
			files = (
				CCF36759276B8E7300830B65 /* Preview Assets.xcassets in Resources */,
				CCF36756276B8E7300830B65 /* Assets.xcassets in Resources */,
			);
			runOnlyForDeploymentPostprocessing = 0;
		};
		CCF3675C276B8E7300830B65 /* Resources */ = {
			isa = PBXResourcesBuildPhase;
			buildActionMask = 2147483647;
			files = (
			);
			runOnlyForDeploymentPostprocessing = 0;
		};
		CCF36766276B8E7300830B65 /* Resources */ = {
			isa = PBXResourcesBuildPhase;
			buildActionMask = 2147483647;
			files = (
			);
			runOnlyForDeploymentPostprocessing = 0;
		};
/* End PBXResourcesBuildPhase section */

/* Begin PBXSourcesBuildPhase section */
		CCF3674A276B8E7200830B65 /* Sources */ = {
			isa = PBXSourcesBuildPhase;
			buildActionMask = 2147483647;
			files = (
				CCF36754276B8E7200830B65 /* ContentView.swift in Sources */,
				CCF36752276B8E7200830B65 /* CarsharingPlatformApp.swift in Sources */,
			);
			runOnlyForDeploymentPostprocessing = 0;
		};
		CCF3675A276B8E7300830B65 /* Sources */ = {
			isa = PBXSourcesBuildPhase;
			buildActionMask = 2147483647;
			files = (
				CCF36763276B8E7300830B65 /* CarsharingPlatformTests.swift in Sources */,
			);
			runOnlyForDeploymentPostprocessing = 0;
		};
		CCF36764276B8E7300830B65 /* Sources */ = {
			isa = PBXSourcesBuildPhase;
			buildActionMask = 2147483647;
			files = (
				CCF3676D276B8E7300830B65 /* CarsharingPlatformUITests.swift in Sources */,
				CCF3676F276B8E7300830B65 /* CarsharingPlatformUITestsLaunchTests.swift in Sources */,
			);
			runOnlyForDeploymentPostprocessing = 0;
		};
/* End PBXSourcesBuildPhase section */

/* Begin PBXTargetDependency section */
		CCF36760276B8E7300830B65 /* PBXTargetDependency */ = {
			isa = PBXTargetDependency;
			target = CCF3674D276B8E7200830B65 /* CarsharingPlatform */;
			targetProxy = CCF3675F276B8E7300830B65 /* PBXContainerItemProxy */;
		};
		CCF3676A276B8E7300830B65 /* PBXTargetDependency */ = {
			isa = PBXTargetDependency;
			target = CCF3674D276B8E7200830B65 /* CarsharingPlatform */;
			targetProxy = CCF36769276B8E7300830B65 /* PBXContainerItemProxy */;
		};
/* End PBXTargetDependency section */

/* Begin XCBuildConfiguration section */
		CCF36770276B8E7300830B65 /* Debug */ = {
			isa = XCBuildConfiguration;
			buildSettings = {
				ALWAYS_SEARCH_USER_PATHS = NO;
				CLANG_ANALYZER_NONNULL = YES;
				CLANG_ANALYZER_NUMBER_OBJECT_CONVERSION = YES_AGGRESSIVE;
				CLANG_CXX_LANGUAGE_STANDARD = "gnu++17";
				CLANG_CXX_LIBRARY = "libc++";
				CLANG_ENABLE_MODULES = YES;
				CLANG_ENABLE_OBJC_ARC = YES;
				CLANG_ENABLE_OBJC_WEAK = YES;
				CLANG_WARN_BLOCK_CAPTURE_AUTORELEASING = YES;
				CLANG_WARN_BOOL_CONVERSION = YES;
				CLANG_WARN_COMMA = YES;
				CLANG_WARN_CONSTANT_CONVERSION = YES;
				CLANG_WARN_DEPRECATED_OBJC_IMPLEMENTATIONS = YES;
				CLANG_WARN_DIRECT_OBJC_ISA_USAGE = YES_ERROR;
				CLANG_WARN_DOCUMENTATION_COMMENTS = YES;
				CLANG_WARN_EMPTY_BODY = YES;
				CLANG_WARN_ENUM_CONVERSION = YES;
				CLANG_WARN_INFINITE_RECURSION = YES;
				CLANG_WARN_INT_CONVERSION = YES;
				CLANG_WARN_NON_LITERAL_NULL_CONVERSION = YES;
				CLANG_WARN_OBJC_IMPLICIT_RETAIN_SELF = YES;
				CLANG_WARN_OBJC_LITERAL_CONVERSION = YES;
				CLANG_WARN_OBJC_ROOT_CLASS = YES_ERROR;
				CLANG_WARN_QUOTED_INCLUDE_IN_FRAMEWORK_HEADER = YES;
				CLANG_WARN_RANGE_LOOP_ANALYSIS = YES;
				CLANG_WARN_STRICT_PROTOTYPES = YES;
				CLANG_WARN_SUSPICIOUS_MOVE = YES;
				CLANG_WARN_UNGUARDED_AVAILABILITY = YES_AGGRESSIVE;
				CLANG_WARN_UNREACHABLE_CODE = YES;
				CLANG_WARN__DUPLICATE_METHOD_MATCH = YES;
				COPY_PHASE_STRIP = NO;
				DEBUG_INFORMATION_FORMAT = dwarf;
				ENABLE_STRICT_OBJC_MSGSEND = YES;
				ENABLE_TESTABILITY = YES;
				GCC_C_LANGUAGE_STANDARD = gnu11;
				GCC_DYNAMIC_NO_PIC = NO;
				GCC_NO_COMMON_BLOCKS = YES;
				GCC_OPTIMIZATION_LEVEL = 0;
				GCC_PREPROCESSOR_DEFINITIONS = (
					"DEBUG=1",
					"$(inherited)",
				);
				GCC_WARN_64_TO_32_BIT_CONVERSION = YES;
				GCC_WARN_ABOUT_RETURN_TYPE = YES_ERROR;
				GCC_WARN_UNDECLARED_SELECTOR = YES;
				GCC_WARN_UNINITIALIZED_AUTOS = YES_AGGRESSIVE;
				GCC_WARN_UNUSED_FUNCTION = YES;
				GCC_WARN_UNUSED_VARIABLE = YES;
				IPHONEOS_DEPLOYMENT_TARGET = 15.0;
				MTL_ENABLE_DEBUG_INFO = INCLUDE_SOURCE;
				MTL_FAST_MATH = YES;
				ONLY_ACTIVE_ARCH = YES;
				SDKROOT = iphoneos;
				SWIFT_ACTIVE_COMPILATION_CONDITIONS = DEBUG;
				SWIFT_OPTIMIZATION_LEVEL = "-Onone";
			};
			name = Debug;
		};
		CCF36771276B8E7300830B65 /* Release */ = {
			isa = XCBuildConfiguration;
			buildSettings = {
				ALWAYS_SEARCH_USER_PATHS = NO;
				CLANG_ANALYZER_NONNULL = YES;
				CLANG_ANALYZER_NUMBER_OBJECT_CONVERSION = YES_AGGRESSIVE;
				CLANG_CXX_LANGUAGE_STANDARD = "gnu++17";
				CLANG_CXX_LIBRARY = "libc++";
				CLANG_ENABLE_MODULES = YES;
				CLANG_ENABLE_OBJC_ARC = YES;
				CLANG_ENABLE_OBJC_WEAK = YES;
				CLANG_WARN_BLOCK_CAPTURE_AUTORELEASING = YES;
				CLANG_WARN_BOOL_CONVERSION = YES;
				CLANG_WARN_COMMA = YES;
				CLANG_WARN_CONSTANT_CONVERSION = YES;
				CLANG_WARN_DEPRECATED_OBJC_IMPLEMENTATIONS = YES;
				CLANG_WARN_DIRECT_OBJC_ISA_USAGE = YES_ERROR;
				CLANG_WARN_DOCUMENTATION_COMMENTS = YES;
				CLANG_WARN_EMPTY_BODY = YES;
				CLANG_WARN_ENUM_CONVERSION = YES;
				CLANG_WARN_INFINITE_RECURSION = YES;
				CLANG_WARN_INT_CONVERSION = YES;
				CLANG_WARN_NON_LITERAL_NULL_CONVERSION = YES;
				CLANG_WARN_OBJC_IMPLICIT_RETAIN_SELF = YES;
				CLANG_WARN_OBJC_LITERAL_CONVERSION = YES;
				CLANG_WARN_OBJC_ROOT_CLASS = YES_ERROR;
				CLANG_WARN_QUOTED_INCLUDE_IN_FRAMEWORK_HEADER = YES;
				CLANG_WARN_RANGE_LOOP_ANALYSIS = YES;
				CLANG_WARN_STRICT_PROTOTYPES = YES;
				CLANG_WARN_SUSPICIOUS_MOVE = YES;
				CLANG_WARN_UNGUARDED_AVAILABILITY = YES_AGGRESSIVE;
				CLANG_WARN_UNREACHABLE_CODE = YES;
				CLANG_WARN__DUPLICATE_METHOD_MATCH = YES;
				COPY_PHASE_STRIP = NO;
				DEBUG_INFORMATION_FORMAT = "dwarf-with-dsym";
				ENABLE_NS_ASSERTIONS = NO;
				ENABLE_STRICT_OBJC_MSGSEND = YES;
				GCC_C_LANGUAGE_STANDARD = gnu11;
				GCC_NO_COMMON_BLOCKS = YES;
				GCC_WARN_64_TO_32_BIT_CONVERSION = YES;
				GCC_WARN_ABOUT_RETURN_TYPE = YES_ERROR;
				GCC_WARN_UNDECLARED_SELECTOR = YES;
				GCC_WARN_UNINITIALIZED_AUTOS = YES_AGGRESSIVE;
				GCC_WARN_UNUSED_FUNCTION = YES;
				GCC_WARN_UNUSED_VARIABLE = YES;
				IPHONEOS_DEPLOYMENT_TARGET = 15.0;
				MTL_ENABLE_DEBUG_INFO = NO;
				MTL_FAST_MATH = YES;
				SDKROOT = iphoneos;
				SWIFT_COMPILATION_MODE = wholemodule;
				SWIFT_OPTIMIZATION_LEVEL = "-O";
				VALIDATE_PRODUCT = YES;
			};
			name = Release;
		};
		CCF36773276B8E7300830B65 /* Debug */ = {
			isa = XCBuildConfiguration;
			buildSettings = {
				ASSETCATALOG_COMPILER_APPICON_NAME = AppIcon;
				ASSETCATALOG_COMPILER_GLOBAL_ACCENT_COLOR_NAME = AccentColor;
				CODE_SIGN_STYLE = Automatic;
				CURRENT_PROJECT_VERSION = 1;
				DEVELOPMENT_ASSET_PATHS = "\"CarsharingPlatform/Preview Content\"";
				ENABLE_PREVIEWS = YES;
				GENERATE_INFOPLIST_FILE = YES;
				INFOPLIST_KEY_UIApplicationSceneManifest_Generation = YES;
				INFOPLIST_KEY_UIApplicationSupportsIndirectInputEvents = YES;
				INFOPLIST_KEY_UILaunchScreen_Generation = YES;
				INFOPLIST_KEY_UISupportedInterfaceOrientations_iPad = "UIInterfaceOrientationPortrait UIInterfaceOrientationPortraitUpsideDown UIInterfaceOrientationLandscapeLeft UIInterfaceOrientationLandscapeRight";
				INFOPLIST_KEY_UISupportedInterfaceOrientations_iPhone = "UIInterfaceOrientationPortrait UIInterfaceOrientationLandscapeLeft UIInterfaceOrientationLandscapeRight";
				LD_RUNPATH_SEARCH_PATHS = (
					"$(inherited)",
					"@executable_path/Frameworks",
				);
				MARKETING_VERSION = 1.0;
				PRODUCT_BUNDLE_IDENTIFIER = sogong.CarsharingPlatform;
				PRODUCT_NAME = "$(TARGET_NAME)";
				SWIFT_EMIT_LOC_STRINGS = YES;
				SWIFT_VERSION = 5.0;
				TARGETED_DEVICE_FAMILY = "1,2";
			};
			name = Debug;
		};
		CCF36774276B8E7300830B65 /* Release */ = {
			isa = XCBuildConfiguration;
			buildSettings = {
				ASSETCATALOG_COMPILER_APPICON_NAME = AppIcon;
				ASSETCATALOG_COMPILER_GLOBAL_ACCENT_COLOR_NAME = AccentColor;
				CODE_SIGN_STYLE = Automatic;
				CURRENT_PROJECT_VERSION = 1;
				DEVELOPMENT_ASSET_PATHS = "\"CarsharingPlatform/Preview Content\"";
				ENABLE_PREVIEWS = YES;
				GENERATE_INFOPLIST_FILE = YES;
				INFOPLIST_KEY_UIApplicationSceneManifest_Generation = YES;
				INFOPLIST_KEY_UIApplicationSupportsIndirectInputEvents = YES;
				INFOPLIST_KEY_UILaunchScreen_Generation = YES;
				INFOPLIST_KEY_UISupportedInterfaceOrientations_iPad = "UIInterfaceOrientationPortrait UIInterfaceOrientationPortraitUpsideDown UIInterfaceOrientationLandscapeLeft UIInterfaceOrientationLandscapeRight";
				INFOPLIST_KEY_UISupportedInterfaceOrientations_iPhone = "UIInterfaceOrientationPortrait UIInterfaceOrientationLandscapeLeft UIInterfaceOrientationLandscapeRight";
				LD_RUNPATH_SEARCH_PATHS = (
					"$(inherited)",
					"@executable_path/Frameworks",
				);
				MARKETING_VERSION = 1.0;
				PRODUCT_BUNDLE_IDENTIFIER = sogong.CarsharingPlatform;
				PRODUCT_NAME = "$(TARGET_NAME)";
				SWIFT_EMIT_LOC_STRINGS = YES;
				SWIFT_VERSION = 5.0;
				TARGETED_DEVICE_FAMILY = "1,2";
			};
			name = Release;
		};
		CCF36776276B8E7300830B65 /* Debug */ = {
			isa = XCBuildConfiguration;
			buildSettings = {
				ALWAYS_EMBED_SWIFT_STANDARD_LIBRARIES = YES;
				BUNDLE_LOADER = "$(TEST_HOST)";
				CODE_SIGN_STYLE = Automatic;
				CURRENT_PROJECT_VERSION = 1;
				GENERATE_INFOPLIST_FILE = YES;
				IPHONEOS_DEPLOYMENT_TARGET = 15.0;
				LD_RUNPATH_SEARCH_PATHS = (
					"$(inherited)",
					"@executable_path/Frameworks",
					"@loader_path/Frameworks",
				);
				MARKETING_VERSION = 1.0;
				PRODUCT_BUNDLE_IDENTIFIER = sogong.CarsharingPlatformTests;
				PRODUCT_NAME = "$(TARGET_NAME)";
				SWIFT_EMIT_LOC_STRINGS = NO;
				SWIFT_VERSION = 5.0;
				TARGETED_DEVICE_FAMILY = "1,2";
				TEST_HOST = "$(BUILT_PRODUCTS_DIR)/CarsharingPlatform.app/CarsharingPlatform";
			};
			name = Debug;
		};
		CCF36777276B8E7300830B65 /* Release */ = {
			isa = XCBuildConfiguration;
			buildSettings = {
				ALWAYS_EMBED_SWIFT_STANDARD_LIBRARIES = YES;
				BUNDLE_LOADER = "$(TEST_HOST)";
				CODE_SIGN_STYLE = Automatic;
				CURRENT_PROJECT_VERSION = 1;
				GENERATE_INFOPLIST_FILE = YES;
				IPHONEOS_DEPLOYMENT_TARGET = 15.0;
				LD_RUNPATH_SEARCH_PATHS = (
					"$(inherited)",
					"@executable_path/Frameworks",
					"@loader_path/Frameworks",
				);
				MARKETING_VERSION = 1.0;
				PRODUCT_BUNDLE_IDENTIFIER = sogong.CarsharingPlatformTests;
				PRODUCT_NAME = "$(TARGET_NAME)";
				SWIFT_EMIT_LOC_STRINGS = NO;
				SWIFT_VERSION = 5.0;
				TARGETED_DEVICE_FAMILY = "1,2";
				TEST_HOST = "$(BUILT_PRODUCTS_DIR)/CarsharingPlatform.app/CarsharingPlatform";
			};
			name = Release;
		};
		CCF36779276B8E7300830B65 /* Debug */ = {
			isa = XCBuildConfiguration;
			buildSettings = {
				ALWAYS_EMBED_SWIFT_STANDARD_LIBRARIES = YES;
				CODE_SIGN_STYLE = Automatic;
				CURRENT_PROJECT_VERSION = 1;
				GENERATE_INFOPLIST_FILE = YES;
				LD_RUNPATH_SEARCH_PATHS = (
					"$(inherited)",
					"@executable_path/Frameworks",
					"@loader_path/Frameworks",
				);
				MARKETING_VERSION = 1.0;
				PRODUCT_BUNDLE_IDENTIFIER = sogong.CarsharingPlatformUITests;
				PRODUCT_NAME = "$(TARGET_NAME)";
				SWIFT_EMIT_LOC_STRINGS = NO;
				SWIFT_VERSION = 5.0;
				TARGETED_DEVICE_FAMILY = "1,2";
				TEST_TARGET_NAME = CarsharingPlatform;
			};
			name = Debug;
		};
		CCF3677A276B8E7300830B65 /* Release */ = {
			isa = XCBuildConfiguration;
			buildSettings = {
				ALWAYS_EMBED_SWIFT_STANDARD_LIBRARIES = YES;
				CODE_SIGN_STYLE = Automatic;
				CURRENT_PROJECT_VERSION = 1;
				GENERATE_INFOPLIST_FILE = YES;
				LD_RUNPATH_SEARCH_PATHS = (
					"$(inherited)",
					"@executable_path/Frameworks",
					"@loader_path/Frameworks",
				);
				MARKETING_VERSION = 1.0;
				PRODUCT_BUNDLE_IDENTIFIER = sogong.CarsharingPlatformUITests;
				PRODUCT_NAME = "$(TARGET_NAME)";
				SWIFT_EMIT_LOC_STRINGS = NO;
				SWIFT_VERSION = 5.0;
				TARGETED_DEVICE_FAMILY = "1,2";
				TEST_TARGET_NAME = CarsharingPlatform;
			};
			name = Release;
		};
/* End XCBuildConfiguration section */

/* Begin XCConfigurationList section */
		CCF36749276B8E7200830B65 /* Build configuration list for PBXProject "CarsharingPlatform" */ = {
			isa = XCConfigurationList;
			buildConfigurations = (
				CCF36770276B8E7300830B65 /* Debug */,
				CCF36771276B8E7300830B65 /* Release */,
			);
			defaultConfigurationIsVisible = 0;
			defaultConfigurationName = Release;
		};
		CCF36772276B8E7300830B65 /* Build configuration list for PBXNativeTarget "CarsharingPlatform" */ = {
			isa = XCConfigurationList;
			buildConfigurations = (
				CCF36773276B8E7300830B65 /* Debug */,
				CCF36774276B8E7300830B65 /* Release */,
			);
			defaultConfigurationIsVisible = 0;
			defaultConfigurationName = Release;
		};
		CCF36775276B8E7300830B65 /* Build configuration list for PBXNativeTarget "CarsharingPlatformTests" */ = {
			isa = XCConfigurationList;
			buildConfigurations = (
				CCF36776276B8E7300830B65 /* Debug */,
				CCF36777276B8E7300830B65 /* Release */,
			);
			defaultConfigurationIsVisible = 0;
			defaultConfigurationName = Release;
		};
		CCF36778276B8E7300830B65 /* Build configuration list for PBXNativeTarget "CarsharingPlatformUITests" */ = {
			isa = XCConfigurationList;
			buildConfigurations = (
				CCF36779276B8E7300830B65 /* Debug */,
				CCF3677A276B8E7300830B65 /* Release */,
			);
			defaultConfigurationIsVisible = 0;
			defaultConfigurationName = Release;
		};
/* End XCConfigurationList section */
	};
	rootObject = CCF36746276B8E7200830B65 /* Project object */;
}
